
Microsoft Visual Studio Solution File, Format Version 12.00
# Visual Studio Version 16
VisualStudioVersion = 16.0.28917.181
MinimumVisualStudioVersion = 10.0.40219.1
Project("{FAE04EC0-301F-11D3-BF4B-00C04F79EFBC}") = "CombAlg1", "CombAlg1\CombAlg1.csproj", "{71817D8F-2C0C-4CBE-A368-73CB8845CD95}"
EndProject
Global
	GlobalSection(SolutionConfigurationPlatforms) = preSolution
		Debug|Any CPU = Debug|Any CPU
		Release|Any CPU = Release|Any CPU
	EndGlobalSection
	GlobalSection(ProjectConfigurationPlatforms) = postSolution
		{71817D8F-2C0C-4CBE-A368-73CB8845CD95}.Debug|Any CPU.ActiveCfg = Debug|Any CPU
		{71817D8F-2C0C-4CBE-A368-73CB8845CD95}.Debug|Any CPU.Build.0 = Debug|Any CPU
		{71817D8F-2C0C-4CBE-A368-73CB8845CD95}.Release|Any CPU.ActiveCfg = Release|Any CPU
		{71817D8F-2C0C-4CBE-A368-73CB8845CD95}.Release|Any CPU.Build.0 = Release|Any CPU
	EndGlobalSection
	GlobalSection(SolutionProperties) = preSolution
		HideSolutionNode = FALSE
	EndGlobalSection
	GlobalSection(ExtensibilityGlobals) = postSolution
		SolutionGuid = {0A3E7FB1-2EF3-4CC3-A369-F24A3C3E9956}
	EndGlobalSection
EndGlobal
